
Microsoft Visual Studio Solution File, Format Version 12.00
# Visual Studio Version 17
VisualStudioVersion = 17.6.33815.320
MinimumVisualStudioVersion = 10.0.40219.1
Project("{2150E333-8FDC-42A3-9474-1A3956D46DE8}") = "Solution Items", "Solution Items", "{C9914D49-33F7-413D-BC6C-98F9C4842B9A}"
	ProjectSection(SolutionItems) = preProject
		ei-gitlogo.png = ei-gitlogo.png
		README.md = README.md
	EndProjectSection
EndProject
Project("{9A19103F-16F7-4668-BE54-9A1E7A4F7556}") = "Standard.AI.Data.EntityIntelligence", "Standard.AI.Data.EntityIntelligence\Standard.AI.Data.EntityIntelligence.csproj", "{D6BF3D87-8F6C-440E-9757-A42C6B895BC4}"
EndProject
Project("{FAE04EC0-301F-11D3-BF4B-00C04F79EFBC}") = "Standard.AI.Data.EntityIntelligence.Tests.Acceptance", "Standard.AI.Data.EntityIntelligence.Tests.Acceptance\Standard.AI.Data.EntityIntelligence.Tests.Acceptance.csproj", "{59A192E3-FD10-44DB-BB44-938D17A52A18}"
EndProject
Global
	GlobalSection(SolutionConfigurationPlatforms) = preSolution
		Debug|Any CPU = Debug|Any CPU
		Release|Any CPU = Release|Any CPU
	EndGlobalSection
	GlobalSection(ProjectConfigurationPlatforms) = postSolution
		{D6BF3D87-8F6C-440E-9757-A42C6B895BC4}.Debug|Any CPU.ActiveCfg = Debug|Any CPU
		{D6BF3D87-8F6C-440E-9757-A42C6B895BC4}.Debug|Any CPU.Build.0 = Debug|Any CPU
		{D6BF3D87-8F6C-440E-9757-A42C6B895BC4}.Release|Any CPU.ActiveCfg = Release|Any CPU
		{D6BF3D87-8F6C-440E-9757-A42C6B895BC4}.Release|Any CPU.Build.0 = Release|Any CPU
		{59A192E3-FD10-44DB-BB44-938D17A52A18}.Debug|Any CPU.ActiveCfg = Debug|Any CPU
		{59A192E3-FD10-44DB-BB44-938D17A52A18}.Debug|Any CPU.Build.0 = Debug|Any CPU
		{59A192E3-FD10-44DB-BB44-938D17A52A18}.Release|Any CPU.ActiveCfg = Release|Any CPU
		{59A192E3-FD10-44DB-BB44-938D17A52A18}.Release|Any CPU.Build.0 = Release|Any CPU
		{82BCE7BE-D940-49A7-B07D-F011DDB612DC}.Debug|Any CPU.ActiveCfg = Debug|Any CPU
		{82BCE7BE-D940-49A7-B07D-F011DDB612DC}.Debug|Any CPU.Build.0 = Debug|Any CPU
		{82BCE7BE-D940-49A7-B07D-F011DDB612DC}.Release|Any CPU.ActiveCfg = Release|Any CPU
		{82BCE7BE-D940-49A7-B07D-F011DDB612DC}.Release|Any CPU.Build.0 = Release|Any CPU
	EndGlobalSection
	GlobalSection(SolutionProperties) = preSolution
		HideSolutionNode = FALSE
	EndGlobalSection
	GlobalSection(ExtensibilityGlobals) = postSolution
		SolutionGuid = {0072C5A0-F57E-4B09-8A23-173D6025F6FD}
	EndGlobalSection
EndGlobal
